
Microsoft Visual Studio Solution File, Format Version 12.00
Project("{FAE04EC0-301F-11D3-BF4B-00C04F79EFBC}") = "Presentation", "Presentation\Presentation.csproj", "{006B342B-0266-4B0A-B1D4-8573AD3A6278}"
EndProject
Project("{FAE04EC0-301F-11D3-BF4B-00C04F79EFBC}") = "GatewayAPI", "GatewayAPI\GatewayAPI.csproj", "{59F4F841-5BE4-429C-95CC-CCEE6158B410}"
EndProject
Project("{FAE04EC0-301F-11D3-BF4B-00C04F79EFBC}") = "ClientMVC", "ClientMVC\ClientMVC.csproj", "{DDDE4BF2-A842-4257-89C3-EE0DC4C60E35}"
EndProject
Project("{2150E333-8FDC-42A3-9474-1A3956D46DE8}") = "SomeAPIs", "SomeAPIs", "{03FA1F8B-9688-4306-B60F-39735D4AA5E4}"
EndProject
Project("{FAE04EC0-301F-11D3-BF4B-00C04F79EFBC}") = "Infrastructure", "Infrastructure\Infrastructure.csproj", "{AACF0612-D3FE-465F-BC51-6EEECA0179C2}"
EndProject
Project("{FAE04EC0-301F-11D3-BF4B-00C04F79EFBC}") = "Domain", "Domain\Domain.csproj", "{1845293E-86CB-4976-8FE3-AA0F577EFB07}"
EndProject
Project("{FAE04EC0-301F-11D3-BF4B-00C04F79EFBC}") = "Application", "Application\Application.csproj", "{6D358F53-9391-4033-83A0-B7E0C7EB1B09}"
EndProject
Project("{2150E333-8FDC-42A3-9474-1A3956D46DE8}") = "AuthorizationAPI", "AuthorizationAPI", "{9FAD01C1-A2C0-4E98-AF09-BAD36824CCD7}"
EndProject
Global
	GlobalSection(SolutionConfigurationPlatforms) = preSolution
		Debug|Any CPU = Debug|Any CPU
		Release|Any CPU = Release|Any CPU
	EndGlobalSection
	GlobalSection(ProjectConfigurationPlatforms) = postSolution
		{006B342B-0266-4B0A-B1D4-8573AD3A6278}.Debug|Any CPU.ActiveCfg = Debug|Any CPU
		{006B342B-0266-4B0A-B1D4-8573AD3A6278}.Debug|Any CPU.Build.0 = Debug|Any CPU
		{006B342B-0266-4B0A-B1D4-8573AD3A6278}.Release|Any CPU.ActiveCfg = Release|Any CPU
		{006B342B-0266-4B0A-B1D4-8573AD3A6278}.Release|Any CPU.Build.0 = Release|Any CPU
		{59F4F841-5BE4-429C-95CC-CCEE6158B410}.Debug|Any CPU.ActiveCfg = Debug|Any CPU
		{59F4F841-5BE4-429C-95CC-CCEE6158B410}.Debug|Any CPU.Build.0 = Debug|Any CPU
		{59F4F841-5BE4-429C-95CC-CCEE6158B410}.Release|Any CPU.ActiveCfg = Release|Any CPU
		{59F4F841-5BE4-429C-95CC-CCEE6158B410}.Release|Any CPU.Build.0 = Release|Any CPU
		{DDDE4BF2-A842-4257-89C3-EE0DC4C60E35}.Debug|Any CPU.ActiveCfg = Debug|Any CPU
		{DDDE4BF2-A842-4257-89C3-EE0DC4C60E35}.Debug|Any CPU.Build.0 = Debug|Any CPU
		{DDDE4BF2-A842-4257-89C3-EE0DC4C60E35}.Release|Any CPU.ActiveCfg = Release|Any CPU
		{DDDE4BF2-A842-4257-89C3-EE0DC4C60E35}.Release|Any CPU.Build.0 = Release|Any CPU
		{AACF0612-D3FE-465F-BC51-6EEECA0179C2}.Debug|Any CPU.ActiveCfg = Debug|Any CPU
		{AACF0612-D3FE-465F-BC51-6EEECA0179C2}.Debug|Any CPU.Build.0 = Debug|Any CPU
		{AACF0612-D3FE-465F-BC51-6EEECA0179C2}.Release|Any CPU.ActiveCfg = Release|Any CPU
		{AACF0612-D3FE-465F-BC51-6EEECA0179C2}.Release|Any CPU.Build.0 = Release|Any CPU
		{1845293E-86CB-4976-8FE3-AA0F577EFB07}.Debug|Any CPU.ActiveCfg = Debug|Any CPU
		{1845293E-86CB-4976-8FE3-AA0F577EFB07}.Debug|Any CPU.Build.0 = Debug|Any CPU
		{1845293E-86CB-4976-8FE3-AA0F577EFB07}.Release|Any CPU.ActiveCfg = Release|Any CPU
		{1845293E-86CB-4976-8FE3-AA0F577EFB07}.Release|Any CPU.Build.0 = Release|Any CPU
		{6D358F53-9391-4033-83A0-B7E0C7EB1B09}.Debug|Any CPU.ActiveCfg = Debug|Any CPU
		{6D358F53-9391-4033-83A0-B7E0C7EB1B09}.Debug|Any CPU.Build.0 = Debug|Any CPU
		{6D358F53-9391-4033-83A0-B7E0C7EB1B09}.Release|Any CPU.ActiveCfg = Release|Any CPU
		{6D358F53-9391-4033-83A0-B7E0C7EB1B09}.Release|Any CPU.Build.0 = Release|Any CPU
	EndGlobalSection
	GlobalSection(NestedProjects) = preSolution
		{DDDE4BF2-A842-4257-89C3-EE0DC4C60E35} = {03FA1F8B-9688-4306-B60F-39735D4AA5E4}
		{59F4F841-5BE4-429C-95CC-CCEE6158B410} = {03FA1F8B-9688-4306-B60F-39735D4AA5E4}
		{6D358F53-9391-4033-83A0-B7E0C7EB1B09} = {9FAD01C1-A2C0-4E98-AF09-BAD36824CCD7}
		{1845293E-86CB-4976-8FE3-AA0F577EFB07} = {9FAD01C1-A2C0-4E98-AF09-BAD36824CCD7}
		{AACF0612-D3FE-465F-BC51-6EEECA0179C2} = {9FAD01C1-A2C0-4E98-AF09-BAD36824CCD7}
		{006B342B-0266-4B0A-B1D4-8573AD3A6278} = {9FAD01C1-A2C0-4E98-AF09-BAD36824CCD7}
	EndGlobalSection
EndGlobal
